github.com/badoux/checkmail v1.2.1 h1:TzwYx5pnsV6anJweMx2auXdekBwGr/yt1GgalIx9nBQ=
github.com/badoux/checkmail v1.2.1/go.mod h1:XroCOBU5zzZJcLvgwU15I+2xXyCdTWXyR9MGfRhBYy0=
github.com/davecgh/go-spew v1.1.0 h1:ZDRjVQ15GmhC3fiQ8ni8+OwkZQO4DARzQgrnXU1Liz8=
github.com/davecgh/go-spew v1.1.0/go.mod h1:J7Y8YcW2NihsgmVo/mv3lAwl/skON4iLHjSsI+c5H38=
github.com/dgrijalva/jwt-go v3.2.0+incompatible h1:7qlOGliEKZXTDg6OTjfoBKDXWrumCAMpl/TFQ4/5kLM=
github.com/dgrijalva/jwt-go v3.2.0+incompatible/go.mod h1:E3ru+11k8xSBh+hMPgOLZmtrrCbhqsmaPHjLKYnJCaQ=
github.com/go-sql-driver/mysql v1.5.0 h1:ozyZYNQW3x3HtqT1jira07DN2PArx2v7/mN66gGcHOs=
github.com/go-sql-driver/mysql v1.5.0/go.mod h1:DCzpHaOWr8IXmIStZouvnhqoel9Qv2LBy8hT2VhHyBg=
github.com/gorilla/mux v1.8.0 h1:i40aqfkR1h2SlN9hojwV5ZA91wcXFOvkdNIeFDP5koI=
github.com/gorilla/mux v1.8.0/go.mod h1:DVbg23sWSpFRCP0SfiEN6jmj59UnW/n46BH5rLB71So=
github.com/jinzhu/inflection v1.0.0 h1:K317FqzuhWc8YvSVlFMCCUb36O/S9MCKRDI7QkRKD/E=
github.com/jinzhu/inflection v1.0.0/go.mod h1:h+uFLlag+Qp1Va5pdKtLDYj+kHp5pxUVkryuEj+Srlc=
github.com/jinzhu/now v1.1.1 h1:g39TucaRWyV3dwDO++eEc6qf8TVIQ/Da48WmqjZ3i7E=
github.com/jinzhu/now v1.1.1/go.mod h1:d3SSVoowX0Lcu0IBviAWJpolVfI5UJVZZ7cO71lE/z8=
github.com/joho/godotenv v1.3.0 h1:Zjp+RcGpHhGlrMbJzXTrZZPrWj+1vfm90La1wgB6Bhc=
github.com/joho/godotenv v1.3.0/go.mod h1:7hK45KPybAkOC6peb+G5yklZfMxEjkZhHbwpqxOKXbg=
github.com/pmezard/go-difflib v1.0.0 h1:4DBwDE0NGyQoBHbLQYPwSUPoCMWR5BEzIk/f1lZbAQM=
github.com/pmezard/go-difflib v1.0.0/go.mod h1:iKH77koFhYxTK1pcRnkKkqfTogsbg7gZNVY4sRDYZ/4=
github.com/sendgrid/rest v2.6.2+incompatible h1:zGMNhccsPkIc8SvU9x+qdDz2qhFoGUPGGC4mMvTondA=
github.com/sendgrid/rest v2.6.2+incompatible/go.mod h1:kXX7q3jZtJXK5c5qK83bSGMdV6tsOE70KbHoqJls4lE=
github.com/sendgrid/sendgrid-go v3.8.0+incompatible h1:7yoUFMwT+jDI2ArBpC6zvtuQj1RUyYfCDl7zZea3XV4=
github.com/sendgrid/sendgrid-go v3.8.0+incompatible/go.mod h1:QRQt+LX/NmgVEvmdRw0VT/QgUn499+iza2FnDca9fg8=
github.com/stretchr/objx v0.1.0/go.mod h1:HFkY916IF+rwdDfMAkV7OtwuqBVzrE8GR6GFx+wExME=
github.com/stretchr/testify v1.5.1 h1:nOGnQDM7FYENwehXlg/kFVnos3rEvtKTjRvOWSzb6H4=
github.com/stretchr/testify v1.5.1/go.mod h1:5W2xD1RspED5o8YsWQXVCued0rvSQ+mT+I5cxcmMvtA=
github.com/stripe/stripe-go/v72 v72.34.0 h1:HbFERTy1TnBKxwcKArT8od63/fWfZuHHPwvB46gxm04=
github.com/stripe/stripe-go/v72 v72.34.0/go.mod h1:QwqJQtduHubZht9mek5sds9CtQcKFdsykV9ZepRWwo0=
golang.org/x/crypto v0.0.0-20190308221718-c2843e01d9a2/go.mod h1:djNgcEr1/C05ACkg1iLfiJU5Ep61QUkGW8qpdssI0+w=
golang.org/x/crypto v0.0.0-20201221181555-eec23a3978ad h1:DN0cp81fZ3njFcrLCytUHRSUkqBjfTo4Tx9RJTWs0EY=
golang.org/x/crypto v0.0.0-20201221181555-eec23a3978ad/go.mod h1:jdWPYTVW3xRLrWPugEBEK3UY2ZEsg3UU495nc5E+M+I=
golang.org/x/net v0.0.0-20190404232315-eb5bcb51f2a3/go.mod h1:t9HGtf8HONx5eT2rtn7q6eTqICYqUVnKs3thJo3Qplg=
golang.org/x/net v0.0.0-20200324143707-d3edc9973b7e h1:3G+cUijn7XD+S4eJFddp53Pv7+slrESplyjG25HgL+k=
golang.org/x/net v0.0.0-20200324143707-d3edc9973b7e/go.mod h1:qpuaurCH72eLCgpAm/N6yyVIVM9cpaDIP3A8BGJEC5A=
golang.org/x/sys v0.0.0-20190215142949-d0b11bdaac8a/go.mod h1:STP8DvDyc/dI5b8T5hshtkjS+E42TnysNCUPdjciGhY=
golang.org/x/sys v0.0.0-20191026070338-33540a1f6037/go.mod h1:h1NjWce9XRLGQEsW7wpKNCjG9DtNlClVuFLEZdDNbEs=
golang.org/x/sys v0.0.0-20200323222414-85ca7c5b95cd/go.mod h1:h1NjWce9XRLGQEsW7wpKNCjG9DtNlClVuFLEZdDNbEs=
golang.org/x/term v0.0.0-20201117132131-f5c789dd3221/go.mod h1:Nr5EML6q2oocZ2LXRh80K7BxOlk5/8JxuGnuhpl+muw=
golang.org/x/text v0.3.0 h1:g61tztE5qeGQ89tm6NTjjM9VPIm088od1l6aSorWRWg=
golang.org/x/text v0.3.0/go.mod h1:NqM8EUOU14njkJ3fqMW+pc6Ldnwhi/IjpwHt7yyuwOQ=
gopkg.in/check.v1 v0.0.0-20161208181325-20d25e280405 h1:yhCVgyC4o1eVCa2tZl7eS0r+SDo693bJlVdllGtEeKM=
gopkg.in/check.v1 v0.0.0-20161208181325-20d25e280405/go.mod h1:Co6ibVJAznAaIkqp8huTwlJQCZ016jof/cbN4VW5Yz0=
gopkg.in/yaml.v2 v2.2.2 h1:ZCJp+EgiOT7lHqUV2J862kp8Qj64Jo6az82+3Td9dZw=
gopkg.in/yaml.v2 v2.2.2/go.mod h1:hI93XBmqTisBFMUTm0b8Fm+jr3Dg1NNxqwp+5A1VGuI=
gorm.io/driver/mysql v1.0.3 h1:+JKBYPfn1tygR1/of/Fh2T8iwuVwzt+PEJmKaXzMQXg=
gorm.io/driver/mysql v1.0.3/go.mod h1:twGxftLBlFgNVNakL7F+P/x9oYqoymG3YYT8cAfI9oI=
gorm.io/gorm v1.20.4/go.mod h1:0HFTzE/SqkGTzK6TlDPPQbAYCluiVvhzoA1+aVyzenw=
gorm.io/gorm v1.20.11 h1:jYHQ0LLUViV85V8dM1TP9VBBkfzKTnuTXDjYObkI6yc=
gorm.io/gorm v1.20.11/go.mod h1:0HFTzE/SqkGTzK6TlDPPQbAYCluiVvhzoA1+aVyzenw=
